
Microsoft Visual Studio Solution File, Format Version 12.00
# Visual Studio Version 16
VisualStudioVersion = 16.0.30204.135
MinimumVisualStudioVersion = 10.0.40219.1
Project("{FAE04EC0-301F-11D3-BF4B-00C04F79EFBC}") = "GoalAPI", "GoalAPI\GoalAPI.csproj", "{05BB0D3C-4F38-4AD2-84E5-373DB3F69737}"
EndProject
Global
	GlobalSection(SolutionConfigurationPlatforms) = preSolution
		Debug|Any CPU = Debug|Any CPU
		Release|Any CPU = Release|Any CPU
	EndGlobalSection
	GlobalSection(ProjectConfigurationPlatforms) = postSolution
		{05BB0D3C-4F38-4AD2-84E5-373DB3F69737}.Debug|Any CPU.ActiveCfg = Debug|Any CPU
		{05BB0D3C-4F38-4AD2-84E5-373DB3F69737}.Debug|Any CPU.Build.0 = Debug|Any CPU
		{05BB0D3C-4F38-4AD2-84E5-373DB3F69737}.Release|Any CPU.ActiveCfg = Release|Any CPU
		{05BB0D3C-4F38-4AD2-84E5-373DB3F69737}.Release|Any CPU.Build.0 = Release|Any CPU
	EndGlobalSection
	GlobalSection(SolutionProperties) = preSolution
		HideSolutionNode = FALSE
	EndGlobalSection
	GlobalSection(ExtensibilityGlobals) = postSolution
		SolutionGuid = {260528B6-72D8-4F65-97DF-6E304844CC52}
	EndGlobalSection
EndGlobal
